
Microsoft Visual Studio Solution File, Format Version 12.00
# Visual Studio Version 17
VisualStudioVersion = 17.7.34031.279
MinimumVisualStudioVersion = 10.0.40219.1
Project("{9A19103F-16F7-4668-BE54-9A1E7A4F7556}") = "STGenetics4", "STGenetics4\STGenetics4.csproj", "{D4B8E80F-A853-488E-80A6-241A09ED78B2}"
EndProject
Global
	GlobalSection(SolutionConfigurationPlatforms) = preSolution
		Debug|Any CPU = Debug|Any CPU
		Release|Any CPU = Release|Any CPU
	EndGlobalSection
	GlobalSection(ProjectConfigurationPlatforms) = postSolution
		{D4B8E80F-A853-488E-80A6-241A09ED78B2}.Debug|Any CPU.ActiveCfg = Debug|Any CPU
		{D4B8E80F-A853-488E-80A6-241A09ED78B2}.Debug|Any CPU.Build.0 = Debug|Any CPU
		{D4B8E80F-A853-488E-80A6-241A09ED78B2}.Release|Any CPU.ActiveCfg = Release|Any CPU
		{D4B8E80F-A853-488E-80A6-241A09ED78B2}.Release|Any CPU.Build.0 = Release|Any CPU
	EndGlobalSection
	GlobalSection(SolutionProperties) = preSolution
		HideSolutionNode = FALSE
	EndGlobalSection
	GlobalSection(ExtensibilityGlobals) = postSolution
		SolutionGuid = {77E05F7C-215B-4C3D-AE9A-15121DE018AF}
	EndGlobalSection
EndGlobal
